
Microsoft Visual Studio Solution File, Format Version 12.00
# Visual Studio 15
VisualStudioVersion = 15.0.27130.2036
MinimumVisualStudioVersion = 10.0.40219.1
Project("{FAE04EC0-301F-11D3-BF4B-00C04F79EFBC}") = "CMSShoppingCart", "CMSShoppingCart\CMSShoppingCart.csproj", "{D6E09DE7-94EA-44C8-914A-C8ABB81A72E0}"
EndProject
Project("{FAE04EC0-301F-11D3-BF4B-00C04F79EFBC}") = "CMSShoppingCart.Tests", "CMSShoppingCart.Tests\CMSShoppingCart.Tests.csproj", "{7B783AE1-4F38-4C98-9BA9-23E03803CB0B}"
EndProject
Global
	GlobalSection(SolutionConfigurationPlatforms) = preSolution
		Debug|Any CPU = Debug|Any CPU
		Release|Any CPU = Release|Any CPU
	EndGlobalSection
	GlobalSection(ProjectConfigurationPlatforms) = postSolution
		{D6E09DE7-94EA-44C8-914A-C8ABB81A72E0}.Debug|Any CPU.ActiveCfg = Debug|Any CPU
		{D6E09DE7-94EA-44C8-914A-C8ABB81A72E0}.Debug|Any CPU.Build.0 = Debug|Any CPU
		{D6E09DE7-94EA-44C8-914A-C8ABB81A72E0}.Release|Any CPU.ActiveCfg = Release|Any CPU
		{D6E09DE7-94EA-44C8-914A-C8ABB81A72E0}.Release|Any CPU.Build.0 = Release|Any CPU
		{7B783AE1-4F38-4C98-9BA9-23E03803CB0B}.Debug|Any CPU.ActiveCfg = Debug|Any CPU
		{7B783AE1-4F38-4C98-9BA9-23E03803CB0B}.Debug|Any CPU.Build.0 = Debug|Any CPU
		{7B783AE1-4F38-4C98-9BA9-23E03803CB0B}.Release|Any CPU.ActiveCfg = Release|Any CPU
		{7B783AE1-4F38-4C98-9BA9-23E03803CB0B}.Release|Any CPU.Build.0 = Release|Any CPU
	EndGlobalSection
	GlobalSection(SolutionProperties) = preSolution
		HideSolutionNode = FALSE
	EndGlobalSection
	GlobalSection(ExtensibilityGlobals) = postSolution
		SolutionGuid = {9160608D-17DB-46E5-BF62-D422BC81ACF5}
	EndGlobalSection
EndGlobal
